// !$*UTF8*$!
{
	archiveVersion = 1;
	classes = {
	};
	objectVersion = 46;
	objects = {

/* Begin PBXBuildFile section */
		65EBE5A4E57EA4334C64C36D /* libPods-MVP.a in Frameworks */ = {isa = PBXBuildFile; fileRef = F12F47E4BED75B6E52829F8A /* libPods-MVP.a */; };
		B03F9F341C13E30500B653A6 /* main.m in Sources */ = {isa = PBXBuildFile; fileRef = B03F9F331C13E30500B653A6 /* main.m */; };
		B03F9F371C13E30500B653A6 /* AppDelegate.m in Sources */ = {isa = PBXBuildFile; fileRef = B03F9F361C13E30500B653A6 /* AppDelegate.m */; };
		B03F9F3A1C13E30500B653A6 /* ViewController.m in Sources */ = {isa = PBXBuildFile; fileRef = B03F9F391C13E30500B653A6 /* ViewController.m */; };
		B03F9F3D1C13E30500B653A6 /* Main.storyboard in Resources */ = {isa = PBXBuildFile; fileRef = B03F9F3B1C13E30500B653A6 /* Main.storyboard */; };
		B03F9F3F1C13E30500B653A6 /* Assets.xcassets in Resources */ = {isa = PBXBuildFile; fileRef = B03F9F3E1C13E30500B653A6 /* Assets.xcassets */; };
		B03F9F421C13E30500B653A6 /* LaunchScreen.storyboard in Resources */ = {isa = PBXBuildFile; fileRef = B03F9F401C13E30500B653A6 /* LaunchScreen.storyboard */; };
		B03F9F571C13EDF000B653A6 /* TemplateChannelModel.m in Sources */ = {isa = PBXBuildFile; fileRef = B03F9F561C13EDF000B653A6 /* TemplateChannelModel.m */; };
		B03F9F681C13EFBB00B653A6 /* READ.me in Resources */ = {isa = PBXBuildFile; fileRef = B03F9F671C13EFBA00B653A6 /* READ.me */; };
		B03F9F7E1C13FE1900B653A6 /* chaoshi in Resources */ = {isa = PBXBuildFile; fileRef = B03F9F7C1C13FE1900B653A6 /* chaoshi */; };
		B03F9F7F1C13FE1900B653A6 /* food.json in Resources */ = {isa = PBXBuildFile; fileRef = B03F9F7D1C13FE1900B653A6 /* food.json */; };
		B03F9F821C13FE9F00B653A6 /* TemplateChannelFloorModel.m in Sources */ = {isa = PBXBuildFile; fileRef = B03F9F811C13FE9F00B653A6 /* TemplateChannelFloorModel.m */; };
		B03F9F861C14003800B653A6 /* TemplateHeaderModel.m in Sources */ = {isa = PBXBuildFile; fileRef = B03F9F851C14003800B653A6 /* TemplateHeaderModel.m */; };
		B03F9F891C14047700B653A6 /* TemplateJumpModel.m in Sources */ = {isa = PBXBuildFile; fileRef = B03F9F881C14047700B653A6 /* TemplateJumpModel.m */; };
		B03F9F8C1C1405D700B653A6 /* TemplateFloorHeaderModel.m in Sources */ = {isa = PBXBuildFile; fileRef = B03F9F8B1C1405D700B653A6 /* TemplateFloorHeaderModel.m */; };
		B03F9F8F1C14066F00B653A6 /* TemplateFloorMarginModel.m in Sources */ = {isa = PBXBuildFile; fileRef = B03F9F8E1C14066F00B653A6 /* TemplateFloorMarginModel.m */; };
/* End PBXBuildFile section */

/* Begin PBXFileReference section */
		69D15DC9917C1A5FA5B20A0C /* Pods-MVP.release.xcconfig */ = {isa = PBXFileReference; includeInIndex = 1; lastKnownFileType = text.xcconfig; name = "Pods-MVP.release.xcconfig"; path = "Pods/Target Support Files/Pods-MVP/Pods-MVP.release.xcconfig"; sourceTree = "<group>"; };
		B03F9F2F1C13E30500B653A6 /* MVP.app */ = {isa = PBXFileReference; explicitFileType = wrapper.application; includeInIndex = 0; path = MVP.app; sourceTree = BUILT_PRODUCTS_DIR; };
		B03F9F331C13E30500B653A6 /* main.m */ = {isa = PBXFileReference; lastKnownFileType = sourcecode.c.objc; path = main.m; sourceTree = "<group>"; };
		B03F9F351C13E30500B653A6 /* AppDelegate.h */ = {isa = PBXFileReference; lastKnownFileType = sourcecode.c.h; path = AppDelegate.h; sourceTree = "<group>"; };
		B03F9F361C13E30500B653A6 /* AppDelegate.m */ = {isa = PBXFileReference; lastKnownFileType = sourcecode.c.objc; path = AppDelegate.m; sourceTree = "<group>"; };
		B03F9F381C13E30500B653A6 /* ViewController.h */ = {isa = PBXFileReference; lastKnownFileType = sourcecode.c.h; path = ViewController.h; sourceTree = "<group>"; };
		B03F9F391C13E30500B653A6 /* ViewController.m */ = {isa = PBXFileReference; lastKnownFileType = sourcecode.c.objc; path = ViewController.m; sourceTree = "<group>"; };
		B03F9F3C1C13E30500B653A6 /* Base */ = {isa = PBXFileReference; lastKnownFileType = file.storyboard; name = Base; path = Base.lproj/Main.storyboard; sourceTree = "<group>"; };
		B03F9F3E1C13E30500B653A6 /* Assets.xcassets */ = {isa = PBXFileReference; lastKnownFileType = folder.assetcatalog; path = Assets.xcassets; sourceTree = "<group>"; };
		B03F9F411C13E30500B653A6 /* Base */ = {isa = PBXFileReference; lastKnownFileType = file.storyboard; name = Base; path = Base.lproj/LaunchScreen.storyboard; sourceTree = "<group>"; };
		B03F9F431C13E30500B653A6 /* Info.plist */ = {isa = PBXFileReference; lastKnownFileType = text.plist.xml; path = Info.plist; sourceTree = "<group>"; };
		B03F9F491C13EB7100B653A6 /* MVP.pch */ = {isa = PBXFileReference; fileEncoding = 4; lastKnownFileType = sourcecode.c.h; path = MVP.pch; sourceTree = "<group>"; };
		B03F9F551C13EDF000B653A6 /* TemplateChannelModel.h */ = {isa = PBXFileReference; fileEncoding = 4; lastKnownFileType = sourcecode.c.h; path = TemplateChannelModel.h; sourceTree = "<group>"; };
		B03F9F561C13EDF000B653A6 /* TemplateChannelModel.m */ = {isa = PBXFileReference; fileEncoding = 4; lastKnownFileType = sourcecode.c.objc; path = TemplateChannelModel.m; sourceTree = "<group>"; };
		B03F9F671C13EFBA00B653A6 /* READ.me */ = {isa = PBXFileReference; fileEncoding = 4; lastKnownFileType = text; path = READ.me; sourceTree = "<group>"; };
		B03F9F6A1C13F10600B653A6 /* TemplateJumpProtocol.h */ = {isa = PBXFileReference; fileEncoding = 4; lastKnownFileType = sourcecode.c.h; path = TemplateJumpProtocol.h; sourceTree = "<group>"; };
		B03F9F6D1C13F16600B653A6 /* TemplateContainerProtocol.h */ = {isa = PBXFileReference; fileEncoding = 4; lastKnownFileType = sourcecode.c.h; path = TemplateContainerProtocol.h; sourceTree = "<group>"; };
		B03F9F701C13F18400B653A6 /* TemplateRenderProtocol.h */ = {isa = PBXFileReference; fileEncoding = 4; lastKnownFileType = sourcecode.c.h; path = TemplateRenderProtocol.h; sourceTree = "<group>"; };
		B03F9F731C13F4A300B653A6 /* TemplateBaseProtocol.h */ = {isa = PBXFileReference; fileEncoding = 4; lastKnownFileType = sourcecode.c.h; path = TemplateBaseProtocol.h; sourceTree = "<group>"; };
		B03F9F761C13F4FC00B653A6 /* TemplateDefine.h */ = {isa = PBXFileReference; fileEncoding = 4; lastKnownFileType = sourcecode.c.h; path = TemplateDefine.h; sourceTree = "<group>"; };
		B03F9F791C13F54F00B653A6 /* GlobalConfig.h */ = {isa = PBXFileReference; fileEncoding = 4; lastKnownFileType = sourcecode.c.h; path = GlobalConfig.h; sourceTree = "<group>"; };
		B03F9F7C1C13FE1900B653A6 /* chaoshi */ = {isa = PBXFileReference; fileEncoding = 4; lastKnownFileType = text; path = chaoshi; sourceTree = "<group>"; };
		B03F9F7D1C13FE1900B653A6 /* food.json */ = {isa = PBXFileReference; fileEncoding = 4; lastKnownFileType = text.json; path = food.json; sourceTree = "<group>"; };
		B03F9F801C13FE9F00B653A6 /* TemplateChannelFloorModel.h */ = {isa = PBXFileReference; fileEncoding = 4; lastKnownFileType = sourcecode.c.h; path = TemplateChannelFloorModel.h; sourceTree = "<group>"; };
		B03F9F811C13FE9F00B653A6 /* TemplateChannelFloorModel.m */ = {isa = PBXFileReference; fileEncoding = 4; lastKnownFileType = sourcecode.c.objc; path = TemplateChannelFloorModel.m; sourceTree = "<group>"; };
		B03F9F841C14003800B653A6 /* TemplateHeaderModel.h */ = {isa = PBXFileReference; fileEncoding = 4; lastKnownFileType = sourcecode.c.h; path = TemplateHeaderModel.h; sourceTree = "<group>"; };
		B03F9F851C14003800B653A6 /* TemplateHeaderModel.m */ = {isa = PBXFileReference; fileEncoding = 4; lastKnownFileType = sourcecode.c.objc; path = TemplateHeaderModel.m; sourceTree = "<group>"; };
		B03F9F871C14047700B653A6 /* TemplateJumpModel.h */ = {isa = PBXFileReference; fileEncoding = 4; lastKnownFileType = sourcecode.c.h; path = TemplateJumpModel.h; sourceTree = "<group>"; };
		B03F9F881C14047700B653A6 /* TemplateJumpModel.m */ = {isa = PBXFileReference; fileEncoding = 4; lastKnownFileType = sourcecode.c.objc; path = TemplateJumpModel.m; sourceTree = "<group>"; };
		B03F9F8A1C1405D700B653A6 /* TemplateFloorHeaderModel.h */ = {isa = PBXFileReference; fileEncoding = 4; lastKnownFileType = sourcecode.c.h; path = TemplateFloorHeaderModel.h; sourceTree = "<group>"; };
		B03F9F8B1C1405D700B653A6 /* TemplateFloorHeaderModel.m */ = {isa = PBXFileReference; fileEncoding = 4; lastKnownFileType = sourcecode.c.objc; path = TemplateFloorHeaderModel.m; sourceTree = "<group>"; };
		B03F9F8D1C14066F00B653A6 /* TemplateFloorMarginModel.h */ = {isa = PBXFileReference; fileEncoding = 4; lastKnownFileType = sourcecode.c.h; path = TemplateFloorMarginModel.h; sourceTree = "<group>"; };
		B03F9F8E1C14066F00B653A6 /* TemplateFloorMarginModel.m */ = {isa = PBXFileReference; fileEncoding = 4; lastKnownFileType = sourcecode.c.objc; path = TemplateFloorMarginModel.m; sourceTree = "<group>"; };
		B7DD2DC6FB0B979D0CA6C60A /* Pods-MVP.debug.xcconfig */ = {isa = PBXFileReference; includeInIndex = 1; lastKnownFileType = text.xcconfig; name = "Pods-MVP.debug.xcconfig"; path = "Pods/Target Support Files/Pods-MVP/Pods-MVP.debug.xcconfig"; sourceTree = "<group>"; };
		F12F47E4BED75B6E52829F8A /* libPods-MVP.a */ = {isa = PBXFileReference; explicitFileType = archive.ar; includeInIndex = 0; path = "libPods-MVP.a"; sourceTree = BUILT_PRODUCTS_DIR; };
/* End PBXFileReference section */

/* Begin PBXFrameworksBuildPhase section */
		B03F9F2C1C13E30500B653A6 /* Frameworks */ = {
			isa = PBXFrameworksBuildPhase;
			buildActionMask = 2147483647;
			files = (
				65EBE5A4E57EA4334C64C36D /* libPods-MVP.a in Frameworks */,
			);
			runOnlyForDeploymentPostprocessing = 0;
		};
/* End PBXFrameworksBuildPhase section */

/* Begin PBXGroup section */
		58AD0FEA73C405F31CF9AB8B /* Pods */ = {
			isa = PBXGroup;
			children = (
				B7DD2DC6FB0B979D0CA6C60A /* Pods-MVP.debug.xcconfig */,
				69D15DC9917C1A5FA5B20A0C /* Pods-MVP.release.xcconfig */,
			);
			name = Pods;
			sourceTree = "<group>";
		};
		B03F9F261C13E30500B653A6 = {
			isa = PBXGroup;
			children = (
				B03F9F311C13E30500B653A6 /* MVP */,
				B03F9F301C13E30500B653A6 /* Products */,
				58AD0FEA73C405F31CF9AB8B /* Pods */,
				D9E1666FD8D12228DA7C5541 /* Frameworks */,
			);
			sourceTree = "<group>";
		};
		B03F9F301C13E30500B653A6 /* Products */ = {
			isa = PBXGroup;
			children = (
				B03F9F2F1C13E30500B653A6 /* MVP.app */,
			);
			name = Products;
			sourceTree = "<group>";
		};
		B03F9F311C13E30500B653A6 /* MVP */ = {
			isa = PBXGroup;
			children = (
				B03F9F521C13EDBF00B653A6 /* Model */,
				B03F9F541C13EDBF00B653A6 /* View */,
				B03F9F531C13EDBF00B653A6 /* Protocol */,
				B03F9F511C13EDBF00B653A6 /* Cell */,
				B03F9F351C13E30500B653A6 /* AppDelegate.h */,
				B03F9F361C13E30500B653A6 /* AppDelegate.m */,
				B03F9F381C13E30500B653A6 /* ViewController.h */,
				B03F9F391C13E30500B653A6 /* ViewController.m */,
				B03F9F3B1C13E30500B653A6 /* Main.storyboard */,
				B03F9F3E1C13E30500B653A6 /* Assets.xcassets */,
				B03F9F401C13E30500B653A6 /* LaunchScreen.storyboard */,
				B03F9F431C13E30500B653A6 /* Info.plist */,
				B03F9F321C13E30500B653A6 /* Supporting Files */,
				B03F9F671C13EFBA00B653A6 /* READ.me */,
				B03F9F761C13F4FC00B653A6 /* TemplateDefine.h */,
			);
			path = MVP;
			sourceTree = "<group>";
		};
		B03F9F321C13E30500B653A6 /* Supporting Files */ = {
			isa = PBXGroup;
			children = (
				B03F9F7C1C13FE1900B653A6 /* chaoshi */,
				B03F9F7D1C13FE1900B653A6 /* food.json */,
				B03F9F331C13E30500B653A6 /* main.m */,
				B03F9F491C13EB7100B653A6 /* MVP.pch */,
				B03F9F791C13F54F00B653A6 /* GlobalConfig.h */,
			);
			name = "Supporting Files";
			sourceTree = "<group>";
		};
		B03F9F511C13EDBF00B653A6 /* Cell */ = {
			isa = PBXGroup;
			children = (
			);
			path = Cell;
			sourceTree = "<group>";
		};
		B03F9F521C13EDBF00B653A6 /* Model */ = {
			isa = PBXGroup;
			children = (
				B03F9F831C13FFEB00B653A6 /* BaseGroup */,
				B03F9F5D1C13EEA700B653A6 /* Corverflow */,
				B03F9F5C1C13EE9E00B653A6 /* Category */,
				B03F9F5B1C13EE9000B653A6 /* FreeChoice */,
				B03F9F5A1C13EE7600B653A6 /* ProductList */,
				B03F9F591C13EE6600B653A6 /* NormalFloor */,
				B03F9F581C13EDFC00B653A6 /* Focus */,
				B03F9F551C13EDF000B653A6 /* TemplateChannelModel.h */,
				B03F9F561C13EDF000B653A6 /* TemplateChannelModel.m */,
				B03F9F801C13FE9F00B653A6 /* TemplateChannelFloorModel.h */,
				B03F9F811C13FE9F00B653A6 /* TemplateChannelFloorModel.m */,
			);
			path = Model;
			sourceTree = "<group>";
		};
		B03F9F531C13EDBF00B653A6 /* Protocol */ = {
			isa = PBXGroup;
			children = (
				B03F9F731C13F4A300B653A6 /* TemplateBaseProtocol.h */,
				B03F9F6A1C13F10600B653A6 /* TemplateJumpProtocol.h */,
				B03F9F6D1C13F16600B653A6 /* TemplateContainerProtocol.h */,
				B03F9F701C13F18400B653A6 /* TemplateRenderProtocol.h */,
			);
			path = Protocol;
			sourceTree = "<group>";
		};
		B03F9F541C13EDBF00B653A6 /* View */ = {
			isa = PBXGroup;
			children = (
				B03F9F691C13F0C300B653A6 /* BaseModel */,
				B03F9F631C13EF1700B653A6 /* Corverflow */,
				B03F9F621C13EF1400B653A6 /* Category */,
				B03F9F611C13EF1100B653A6 /* FreeChoice */,
				B03F9F601C13EF0F00B653A6 /* ProductList */,
				B03F9F5F1C13EEFE00B653A6 /* NormalFloor */,
				B03F9F5E1C13EEFA00B653A6 /* Focus */,
			);
			path = View;
			sourceTree = "<group>";
		};
		B03F9F581C13EDFC00B653A6 /* Focus */ = {
			isa = PBXGroup;
			children = (
			);
			name = Focus;
			sourceTree = "<group>";
		};
		B03F9F591C13EE6600B653A6 /* NormalFloor */ = {
			isa = PBXGroup;
			children = (
			);
			name = NormalFloor;
			sourceTree = "<group>";
		};
		B03F9F5A1C13EE7600B653A6 /* ProductList */ = {
			isa = PBXGroup;
			children = (
			);
			name = ProductList;
			sourceTree = "<group>";
		};
		B03F9F5B1C13EE9000B653A6 /* FreeChoice */ = {
			isa = PBXGroup;
			children = (
			);
			name = FreeChoice;
			sourceTree = "<group>";
		};
		B03F9F5C1C13EE9E00B653A6 /* Category */ = {
			isa = PBXGroup;
			children = (
			);
			name = Category;
			sourceTree = "<group>";
		};
		B03F9F5D1C13EEA700B653A6 /* Corverflow */ = {
			isa = PBXGroup;
			children = (
			);
			name = Corverflow;
			sourceTree = "<group>";
		};
		B03F9F5E1C13EEFA00B653A6 /* Focus */ = {
			isa = PBXGroup;
			children = (
			);
			name = Focus;
			sourceTree = "<group>";
		};
		B03F9F5F1C13EEFE00B653A6 /* NormalFloor */ = {
			isa = PBXGroup;
			children = (
			);
			name = NormalFloor;
			sourceTree = "<group>";
		};
		B03F9F601C13EF0F00B653A6 /* ProductList */ = {
			isa = PBXGroup;
			children = (
			);
			name = ProductList;
			sourceTree = "<group>";
		};
		B03F9F611C13EF1100B653A6 /* FreeChoice */ = {
			isa = PBXGroup;
			children = (
			);
			name = FreeChoice;
			sourceTree = "<group>";
		};
		B03F9F621C13EF1400B653A6 /* Category */ = {
			isa = PBXGroup;
			children = (
			);
			name = Category;
			sourceTree = "<group>";
		};
		B03F9F631C13EF1700B653A6 /* Corverflow */ = {
			isa = PBXGroup;
			children = (
			);
			name = Corverflow;
			sourceTree = "<group>";
		};
		B03F9F691C13F0C300B653A6 /* BaseModel */ = {
			isa = PBXGroup;
			children = (
			);
			name = BaseModel;
			sourceTree = "<group>";
		};
		B03F9F831C13FFEB00B653A6 /* BaseGroup */ = {
			isa = PBXGroup;
			children = (
				B03F9F841C14003800B653A6 /* TemplateHeaderModel.h */,
				B03F9F851C14003800B653A6 /* TemplateHeaderModel.m */,
				B03F9F871C14047700B653A6 /* TemplateJumpModel.h */,
				B03F9F881C14047700B653A6 /* TemplateJumpModel.m */,
				B03F9F8A1C1405D700B653A6 /* TemplateFloorHeaderModel.h */,
				B03F9F8B1C1405D700B653A6 /* TemplateFloorHeaderModel.m */,
				B03F9F8D1C14066F00B653A6 /* TemplateFloorMarginModel.h */,
				B03F9F8E1C14066F00B653A6 /* TemplateFloorMarginModel.m */,
			);
			name = BaseGroup;
			sourceTree = "<group>";
		};
		D9E1666FD8D12228DA7C5541 /* Frameworks */ = {
			isa = PBXGroup;
			children = (
				F12F47E4BED75B6E52829F8A /* libPods-MVP.a */,
			);
			name = Frameworks;
			sourceTree = "<group>";
		};
/* End PBXGroup section */

/* Begin PBXNativeTarget section */
		B03F9F2E1C13E30500B653A6 /* MVP */ = {
			isa = PBXNativeTarget;
			buildConfigurationList = B03F9F461C13E30500B653A6 /* Build configuration list for PBXNativeTarget "MVP" */;
			buildPhases = (
				4712E5E70260D415AE4B017C /* Check Pods Manifest.lock */,
				B03F9F2B1C13E30500B653A6 /* Sources */,
				B03F9F2C1C13E30500B653A6 /* Frameworks */,
				B03F9F2D1C13E30500B653A6 /* Resources */,
				32EC862D100DDF5D28C59FDC /* Embed Pods Frameworks */,
				CB3806DF0306B608DDF4251F /* Copy Pods Resources */,
			);
			buildRules = (
			);
			dependencies = (
			);
			name = MVP;
			productName = MVP;
			productReference = B03F9F2F1C13E30500B653A6 /* MVP.app */;
			productType = "com.apple.product-type.application";
		};
/* End PBXNativeTarget section */

/* Begin PBXProject section */
		B03F9F271C13E30500B653A6 /* Project object */ = {
			isa = PBXProject;
			attributes = {
				LastUpgradeCheck = 0710;
				ORGANIZATIONNAME = ccguo;
				TargetAttributes = {
					B03F9F2E1C13E30500B653A6 = {
						CreatedOnToolsVersion = 7.1;
					};
				};
			};
			buildConfigurationList = B03F9F2A1C13E30500B653A6 /* Build configuration list for PBXProject "MVP" */;
			compatibilityVersion = "Xcode 3.2";
			developmentRegion = English;
			hasScannedForEncodings = 0;
			knownRegions = (
				en,
				Base,
			);
			mainGroup = B03F9F261C13E30500B653A6;
			productRefGroup = B03F9F301C13E30500B653A6 /* Products */;
			projectDirPath = "";
			projectRoot = "";
			targets = (
				B03F9F2E1C13E30500B653A6 /* MVP */,
			);
		};
/* End PBXProject section */

/* Begin PBXResourcesBuildPhase section */
		B03F9F2D1C13E30500B653A6 /* Resources */ = {
			isa = PBXResourcesBuildPhase;
			buildActionMask = 2147483647;
			files = (
				B03F9F421C13E30500B653A6 /* LaunchScreen.storyboard in Resources */,
				B03F9F3F1C13E30500B653A6 /* Assets.xcassets in Resources */,
				B03F9F3D1C13E30500B653A6 /* Main.storyboard in Resources */,
				B03F9F7F1C13FE1900B653A6 /* food.json in Resources */,
				B03F9F7E1C13FE1900B653A6 /* chaoshi in Resources */,
				B03F9F681C13EFBB00B653A6 /* READ.me in Resources */,
			);
			runOnlyForDeploymentPostprocessing = 0;
		};
/* End PBXResourcesBuildPhase section */

/* Begin PBXShellScriptBuildPhase section */
		32EC862D100DDF5D28C59FDC /* Embed Pods Frameworks */ = {
			isa = PBXShellScriptBuildPhase;
			buildActionMask = 2147483647;
			files = (
			);
			inputPaths = (
			);
			name = "Embed Pods Frameworks";
			outputPaths = (
			);
			runOnlyForDeploymentPostprocessing = 0;
			shellPath = /bin/sh;
			shellScript = "\"${SRCROOT}/Pods/Target Support Files/Pods-MVP/Pods-MVP-frameworks.sh\"\n";
			showEnvVarsInLog = 0;
		};
		4712E5E70260D415AE4B017C /* Check Pods Manifest.lock */ = {
			isa = PBXShellScriptBuildPhase;
			buildActionMask = 2147483647;
			files = (
			);
			inputPaths = (
			);
			name = "Check Pods Manifest.lock";
			outputPaths = (
			);
			runOnlyForDeploymentPostprocessing = 0;
			shellPath = /bin/sh;
			shellScript = "diff \"${PODS_ROOT}/../Podfile.lock\" \"${PODS_ROOT}/Manifest.lock\" > /dev/null\nif [[ $? != 0 ]] ; then\n    cat << EOM\nerror: The sandbox is not in sync with the Podfile.lock. Run 'pod install' or update your CocoaPods installation.\nEOM\n    exit 1\nfi\n";
			showEnvVarsInLog = 0;
		};
		CB3806DF0306B608DDF4251F /* Copy Pods Resources */ = {
			isa = PBXShellScriptBuildPhase;
			buildActionMask = 2147483647;
			files = (
			);
			inputPaths = (
			);
			name = "Copy Pods Resources";
			outputPaths = (
			);
			runOnlyForDeploymentPostprocessing = 0;
			shellPath = /bin/sh;
			shellScript = "\"${SRCROOT}/Pods/Target Support Files/Pods-MVP/Pods-MVP-resources.sh\"\n";
			showEnvVarsInLog = 0;
		};
/* End PBXShellScriptBuildPhase section */

/* Begin PBXSourcesBuildPhase section */
		B03F9F2B1C13E30500B653A6 /* Sources */ = {
			isa = PBXSourcesBuildPhase;
			buildActionMask = 2147483647;
			files = (
				B03F9F891C14047700B653A6 /* TemplateJumpModel.m in Sources */,
				B03F9F821C13FE9F00B653A6 /* TemplateChannelFloorModel.m in Sources */,
				B03F9F3A1C13E30500B653A6 /* ViewController.m in Sources */,
				B03F9F861C14003800B653A6 /* TemplateHeaderModel.m in Sources */,
				B03F9F371C13E30500B653A6 /* AppDelegate.m in Sources */,
				B03F9F8C1C1405D700B653A6 /* TemplateFloorHeaderModel.m in Sources */,
				B03F9F571C13EDF000B653A6 /* TemplateChannelModel.m in Sources */,
				B03F9F8F1C14066F00B653A6 /* TemplateFloorMarginModel.m in Sources */,
				B03F9F341C13E30500B653A6 /* main.m in Sources */,
			);
			runOnlyForDeploymentPostprocessing = 0;
		};
/* End PBXSourcesBuildPhase section */

/* Begin PBXVariantGroup section */
		B03F9F3B1C13E30500B653A6 /* Main.storyboard */ = {
			isa = PBXVariantGroup;
			children = (
				B03F9F3C1C13E30500B653A6 /* Base */,
			);
			name = Main.storyboard;
			sourceTree = "<group>";
		};
		B03F9F401C13E30500B653A6 /* LaunchScreen.storyboard */ = {
			isa = PBXVariantGroup;
			children = (
				B03F9F411C13E30500B653A6 /* Base */,
			);
			name = LaunchScreen.storyboard;
			sourceTree = "<group>";
		};
/* End PBXVariantGroup section */

/* Begin XCBuildConfiguration section */
		B03F9F441C13E30500B653A6 /* Debug */ = {
			isa = XCBuildConfiguration;
			buildSettings = {
				ALWAYS_SEARCH_USER_PATHS = NO;
				CLANG_CXX_LANGUAGE_STANDARD = "gnu++0x";
				CLANG_CXX_LIBRARY = "libc++";
				CLANG_ENABLE_MODULES = YES;
				CLANG_ENABLE_OBJC_ARC = YES;
				CLANG_WARN_BOOL_CONVERSION = YES;
				CLANG_WARN_CONSTANT_CONVERSION = YES;
				CLANG_WARN_DIRECT_OBJC_ISA_USAGE = YES_ERROR;
				CLANG_WARN_EMPTY_BODY = YES;
				CLANG_WARN_ENUM_CONVERSION = YES;
				CLANG_WARN_INT_CONVERSION = YES;
				CLANG_WARN_OBJC_ROOT_CLASS = YES_ERROR;
				CLANG_WARN_UNREACHABLE_CODE = YES;
				CLANG_WARN__DUPLICATE_METHOD_MATCH = YES;
				"CODE_SIGN_IDENTITY[sdk=iphoneos*]" = "iPhone Developer";
				COPY_PHASE_STRIP = NO;
				DEBUG_INFORMATION_FORMAT = dwarf;
				ENABLE_STRICT_OBJC_MSGSEND = YES;
				ENABLE_TESTABILITY = YES;
				GCC_C_LANGUAGE_STANDARD = gnu99;
				GCC_DYNAMIC_NO_PIC = NO;
				GCC_NO_COMMON_BLOCKS = YES;
				GCC_OPTIMIZATION_LEVEL = 0;
				GCC_PREPROCESSOR_DEFINITIONS = (
					"DEBUG=1",
					"$(inherited)",
				);
				GCC_WARN_64_TO_32_BIT_CONVERSION = YES;
				GCC_WARN_ABOUT_RETURN_TYPE = YES_ERROR;
				GCC_WARN_UNDECLARED_SELECTOR = YES;
				GCC_WARN_UNINITIALIZED_AUTOS = YES_AGGRESSIVE;
				GCC_WARN_UNUSED_FUNCTION = YES;
				GCC_WARN_UNUSED_VARIABLE = YES;
				IPHONEOS_DEPLOYMENT_TARGET = 7.0;
				MTL_ENABLE_DEBUG_INFO = YES;
				ONLY_ACTIVE_ARCH = YES;
				SDKROOT = iphoneos;
				TARGETED_DEVICE_FAMILY = "1,2";
			};
			name = Debug;
		};
		B03F9F451C13E30500B653A6 /* Release */ = {
			isa = XCBuildConfiguration;
			buildSettings = {
				ALWAYS_SEARCH_USER_PATHS = NO;
				CLANG_CXX_LANGUAGE_STANDARD = "gnu++0x";
				CLANG_CXX_LIBRARY = "libc++";
				CLANG_ENABLE_MODULES = YES;
				CLANG_ENABLE_OBJC_ARC = YES;
				CLANG_WARN_BOOL_CONVERSION = YES;
				CLANG_WARN_CONSTANT_CONVERSION = YES;
				CLANG_WARN_DIRECT_OBJC_ISA_USAGE = YES_ERROR;
				CLANG_WARN_EMPTY_BODY = YES;
				CLANG_WARN_ENUM_CONVERSION = YES;
				CLANG_WARN_INT_CONVERSION = YES;
				CLANG_WARN_OBJC_ROOT_CLASS = YES_ERROR;
				CLANG_WARN_UNREACHABLE_CODE = YES;
				CLANG_WARN__DUPLICATE_METHOD_MATCH = YES;
				"CODE_SIGN_IDENTITY[sdk=iphoneos*]" = "iPhone Developer";
				COPY_PHASE_STRIP = NO;
				DEBUG_INFORMATION_FORMAT = "dwarf-with-dsym";
				ENABLE_NS_ASSERTIONS = NO;
				ENABLE_STRICT_OBJC_MSGSEND = YES;
				GCC_C_LANGUAGE_STANDARD = gnu99;
				GCC_NO_COMMON_BLOCKS = YES;
				GCC_WARN_64_TO_32_BIT_CONVERSION = YES;
				GCC_WARN_ABOUT_RETURN_TYPE = YES_ERROR;
				GCC_WARN_UNDECLARED_SELECTOR = YES;
				GCC_WARN_UNINITIALIZED_AUTOS = YES_AGGRESSIVE;
				GCC_WARN_UNUSED_FUNCTION = YES;
				GCC_WARN_UNUSED_VARIABLE = YES;
				IPHONEOS_DEPLOYMENT_TARGET = 7.0;
				MTL_ENABLE_DEBUG_INFO = NO;
				SDKROOT = iphoneos;
				TARGETED_DEVICE_FAMILY = "1,2";
				VALIDATE_PRODUCT = YES;
			};
			name = Release;
		};
		B03F9F471C13E30500B653A6 /* Debug */ = {
			isa = XCBuildConfiguration;
			baseConfigurationReference = B7DD2DC6FB0B979D0CA6C60A /* Pods-MVP.debug.xcconfig */;
			buildSettings = {
				ASSETCATALOG_COMPILER_APPICON_NAME = AppIcon;
				ENABLE_BITCODE = NO;
				GCC_PREFIX_HEADER = "$(SRCROOT)/MVP/MVP.pch";
				INFOPLIST_FILE = MVP/Info.plist;
				IPHONEOS_DEPLOYMENT_TARGET = 7.0;
				LD_RUNPATH_SEARCH_PATHS = "$(inherited) @executable_path/Frameworks";
				PRODUCT_BUNDLE_IDENTIFIER = com.360buy.MVP;
				PRODUCT_NAME = "$(TARGET_NAME)";
			};
			name = Debug;
		};
		B03F9F481C13E30500B653A6 /* Release */ = {
			isa = XCBuildConfiguration;
			baseConfigurationReference = 69D15DC9917C1A5FA5B20A0C /* Pods-MVP.release.xcconfig */;
			buildSettings = {
				ASSETCATALOG_COMPILER_APPICON_NAME = AppIcon;
				ENABLE_BITCODE = NO;
				GCC_PREFIX_HEADER = "$(SRCROOT)/MVP/MVP.pch";
				INFOPLIST_FILE = MVP/Info.plist;
				IPHONEOS_DEPLOYMENT_TARGET = 7.0;
				LD_RUNPATH_SEARCH_PATHS = "$(inherited) @executable_path/Frameworks";
				PRODUCT_BUNDLE_IDENTIFIER = com.360buy.MVP;
				PRODUCT_NAME = "$(TARGET_NAME)";
			};
			name = Release;
		};
/* End XCBuildConfiguration section */

/* Begin XCConfigurationList section */
		B03F9F2A1C13E30500B653A6 /* Build configuration list for PBXProject "MVP" */ = {
			isa = XCConfigurationList;
			buildConfigurations = (
				B03F9F441C13E30500B653A6 /* Debug */,
				B03F9F451C13E30500B653A6 /* Release */,
			);
			defaultConfigurationIsVisible = 0;
			defaultConfigurationName = Release;
		};
		B03F9F461C13E30500B653A6 /* Build configuration list for PBXNativeTarget "MVP" */ = {
			isa = XCConfigurationList;
			buildConfigurations = (
				B03F9F471C13E30500B653A6 /* Debug */,
				B03F9F481C13E30500B653A6 /* Release */,
			);
			defaultConfigurationIsVisible = 0;
			defaultConfigurationName = Release;
		};
/* End XCConfigurationList section */
	};
	rootObject = B03F9F271C13E30500B653A6 /* Project object */;
}
