// !$*UTF8*$!
{
	archiveVersion = 1;
	classes = {
	};
	objectVersion = 46;
	objects = {

/* Begin PBXBuildFile section */
		37D64E731C1ACE410052D5D3 /* TemplateFHeaderModel.m in Sources */ = {isa = PBXBuildFile; fileRef = 37D64E721C1ACE410052D5D3 /* TemplateFHeaderModel.m */; };
		65EBE5A4E57EA4334C64C36D /* libPods-MVP.a in Frameworks */ = {isa = PBXBuildFile; fileRef = F12F47E4BED75B6E52829F8A /* libPods-MVP.a */; };
		B03F9F341C13E30500B653A6 /* main.m in Sources */ = {isa = PBXBuildFile; fileRef = B03F9F331C13E30500B653A6 /* main.m */; };
		B03F9F371C13E30500B653A6 /* AppDelegate.m in Sources */ = {isa = PBXBuildFile; fileRef = B03F9F361C13E30500B653A6 /* AppDelegate.m */; };
		B03F9F3D1C13E30500B653A6 /* Main.storyboard in Resources */ = {isa = PBXBuildFile; fileRef = B03F9F3B1C13E30500B653A6 /* Main.storyboard */; };
		B03F9F3F1C13E30500B653A6 /* Assets.xcassets in Resources */ = {isa = PBXBuildFile; fileRef = B03F9F3E1C13E30500B653A6 /* Assets.xcassets */; };
		B03F9F421C13E30500B653A6 /* LaunchScreen.storyboard in Resources */ = {isa = PBXBuildFile; fileRef = B03F9F401C13E30500B653A6 /* LaunchScreen.storyboard */; };
		B03F9F681C13EFBB00B653A6 /* READ.me in Resources */ = {isa = PBXBuildFile; fileRef = B03F9F671C13EFBA00B653A6 /* READ.me */; };
		B03F9F7E1C13FE1900B653A6 /* chaoshi in Resources */ = {isa = PBXBuildFile; fileRef = B03F9F7C1C13FE1900B653A6 /* chaoshi */; };
		B03F9F7F1C13FE1900B653A6 /* food.json in Resources */ = {isa = PBXBuildFile; fileRef = B03F9F7D1C13FE1900B653A6 /* food.json */; };
		B06B759F1C1709FF00F59BB1 /* TemplateFocusCell.m in Sources */ = {isa = PBXBuildFile; fileRef = B06B757F1C1709FF00F59BB1 /* TemplateFocusCell.m */; };
		B06B75A01C1709FF00F59BB1 /* TemplateChannelModel.m in Sources */ = {isa = PBXBuildFile; fileRef = B06B75821C1709FF00F59BB1 /* TemplateChannelModel.m */; };
		B06B75A11C1709FF00F59BB1 /* TemplateContainerModel.m in Sources */ = {isa = PBXBuildFile; fileRef = B06B75841C1709FF00F59BB1 /* TemplateContainerModel.m */; };
		B06B75A21C1709FF00F59BB1 /* TemplateFloorFocusModel.m in Sources */ = {isa = PBXBuildFile; fileRef = B06B75861C1709FF00F59BB1 /* TemplateFloorFocusModel.m */; };
		B06B75A41C1709FF00F59BB1 /* TemplateMarginModel.m in Sources */ = {isa = PBXBuildFile; fileRef = B06B758A1C1709FF00F59BB1 /* TemplateMarginModel.m */; };
		B06B75A51C1709FF00F59BB1 /* TemplateNormalModel.m in Sources */ = {isa = PBXBuildFile; fileRef = B06B758C1C1709FF00F59BB1 /* TemplateNormalModel.m */; };
		B06B75A61C1709FF00F59BB1 /* TemplatePicModel.m in Sources */ = {isa = PBXBuildFile; fileRef = B06B758E1C1709FF00F59BB1 /* TemplatePicModel.m */; };
		B06B75A71C1709FF00F59BB1 /* TemplateShareModel.m in Sources */ = {isa = PBXBuildFile; fileRef = B06B75901C1709FF00F59BB1 /* TemplateShareModel.m */; };
		B06B75A81C1709FF00F59BB1 /* TemplateHeaderModel.m in Sources */ = {isa = PBXBuildFile; fileRef = B06B75921C1709FF00F59BB1 /* TemplateHeaderModel.m */; };
		B06B75A91C1709FF00F59BB1 /* TemplateJumpModel.m in Sources */ = {isa = PBXBuildFile; fileRef = B06B75941C1709FF00F59BB1 /* TemplateJumpModel.m */; };
		B06B75AA1C1709FF00F59BB1 /* TemplateFocusView.m in Sources */ = {isa = PBXBuildFile; fileRef = B06B759C1C1709FF00F59BB1 /* TemplateFocusView.m */; };
		B06B75AB1C1709FF00F59BB1 /* ViewController.m in Sources */ = {isa = PBXBuildFile; fileRef = B06B759E1C1709FF00F59BB1 /* ViewController.m */; };
		B06B75AF1C170A4F00F59BB1 /* WebViewController.m in Sources */ = {isa = PBXBuildFile; fileRef = B06B75AE1C170A4F00F59BB1 /* WebViewController.m */; };
		B06B75B21C170D7F00F59BB1 /* NavigateManager.m in Sources */ = {isa = PBXBuildFile; fileRef = B06B75B11C170D7F00F59BB1 /* NavigateManager.m */; };
		B06B75BB1C1715EB00F59BB1 /* TemplateSingleModel.m in Sources */ = {isa = PBXBuildFile; fileRef = B06B75BA1C1715EB00F59BB1 /* TemplateSingleModel.m */; };
		B06B75BE1C17165F00F59BB1 /* TemplateSkuModel.m in Sources */ = {isa = PBXBuildFile; fileRef = B06B75BD1C17165F00F59BB1 /* TemplateSkuModel.m */; };
		B06B75C21C17199D00F59BB1 /* TemplateSingleCell.m in Sources */ = {isa = PBXBuildFile; fileRef = B06B75C11C17199D00F59BB1 /* TemplateSingleCell.m */; };
		B06B75C61C1719FA00F59BB1 /* TemplateHeaderCell.m in Sources */ = {isa = PBXBuildFile; fileRef = B06B75C51C1719FA00F59BB1 /* TemplateHeaderCell.m */; };
		B06B75CA1C171C6D00F59BB1 /* TemplateSingleView.m in Sources */ = {isa = PBXBuildFile; fileRef = B06B75C91C171C6D00F59BB1 /* TemplateSingleView.m */; };
/* End PBXBuildFile section */

/* Begin PBXFileReference section */
		37D64E711C1ACE410052D5D3 /* TemplateFHeaderModel.h */ = {isa = PBXFileReference; fileEncoding = 4; lastKnownFileType = sourcecode.c.h; path = TemplateFHeaderModel.h; sourceTree = "<group>"; };
		37D64E721C1ACE410052D5D3 /* TemplateFHeaderModel.m */ = {isa = PBXFileReference; fileEncoding = 4; lastKnownFileType = sourcecode.c.objc; path = TemplateFHeaderModel.m; sourceTree = "<group>"; };
		69D15DC9917C1A5FA5B20A0C /* Pods-MVP.release.xcconfig */ = {isa = PBXFileReference; includeInIndex = 1; lastKnownFileType = text.xcconfig; name = "Pods-MVP.release.xcconfig"; path = "Pods/Target Support Files/Pods-MVP/Pods-MVP.release.xcconfig"; sourceTree = "<group>"; };
		B03F9F2F1C13E30500B653A6 /* MVP.app */ = {isa = PBXFileReference; explicitFileType = wrapper.application; includeInIndex = 0; path = MVP.app; sourceTree = BUILT_PRODUCTS_DIR; };
		B03F9F331C13E30500B653A6 /* main.m */ = {isa = PBXFileReference; lastKnownFileType = sourcecode.c.objc; path = main.m; sourceTree = "<group>"; };
		B03F9F351C13E30500B653A6 /* AppDelegate.h */ = {isa = PBXFileReference; lastKnownFileType = sourcecode.c.h; path = AppDelegate.h; sourceTree = "<group>"; };
		B03F9F361C13E30500B653A6 /* AppDelegate.m */ = {isa = PBXFileReference; lastKnownFileType = sourcecode.c.objc; path = AppDelegate.m; sourceTree = "<group>"; };
		B03F9F3C1C13E30500B653A6 /* Base */ = {isa = PBXFileReference; lastKnownFileType = file.storyboard; name = Base; path = Base.lproj/Main.storyboard; sourceTree = "<group>"; };
		B03F9F3E1C13E30500B653A6 /* Assets.xcassets */ = {isa = PBXFileReference; lastKnownFileType = folder.assetcatalog; path = Assets.xcassets; sourceTree = "<group>"; };
		B03F9F411C13E30500B653A6 /* Base */ = {isa = PBXFileReference; lastKnownFileType = file.storyboard; name = Base; path = Base.lproj/LaunchScreen.storyboard; sourceTree = "<group>"; };
		B03F9F431C13E30500B653A6 /* Info.plist */ = {isa = PBXFileReference; lastKnownFileType = text.plist.xml; path = Info.plist; sourceTree = "<group>"; };
		B03F9F491C13EB7100B653A6 /* MVP.pch */ = {isa = PBXFileReference; fileEncoding = 4; lastKnownFileType = sourcecode.c.h; path = MVP.pch; sourceTree = "<group>"; };
		B03F9F671C13EFBA00B653A6 /* READ.me */ = {isa = PBXFileReference; fileEncoding = 4; lastKnownFileType = text; path = READ.me; sourceTree = "<group>"; };
		B03F9F791C13F54F00B653A6 /* GlobalConfig.h */ = {isa = PBXFileReference; fileEncoding = 4; lastKnownFileType = sourcecode.c.h; path = GlobalConfig.h; sourceTree = "<group>"; };
		B03F9F7C1C13FE1900B653A6 /* chaoshi */ = {isa = PBXFileReference; fileEncoding = 4; lastKnownFileType = text; path = chaoshi; sourceTree = "<group>"; };
		B03F9F7D1C13FE1900B653A6 /* food.json */ = {isa = PBXFileReference; fileEncoding = 4; lastKnownFileType = text.json; path = food.json; sourceTree = "<group>"; };
		B06B757E1C1709FF00F59BB1 /* TemplateFocusCell.h */ = {isa = PBXFileReference; fileEncoding = 4; lastKnownFileType = sourcecode.c.h; path = TemplateFocusCell.h; sourceTree = "<group>"; };
		B06B757F1C1709FF00F59BB1 /* TemplateFocusCell.m */ = {isa = PBXFileReference; fileEncoding = 4; lastKnownFileType = sourcecode.c.objc; path = TemplateFocusCell.m; sourceTree = "<group>"; };
		B06B75811C1709FF00F59BB1 /* TemplateChannelModel.h */ = {isa = PBXFileReference; fileEncoding = 4; lastKnownFileType = sourcecode.c.h; path = TemplateChannelModel.h; sourceTree = "<group>"; };
		B06B75821C1709FF00F59BB1 /* TemplateChannelModel.m */ = {isa = PBXFileReference; fileEncoding = 4; lastKnownFileType = sourcecode.c.objc; path = TemplateChannelModel.m; sourceTree = "<group>"; };
		B06B75831C1709FF00F59BB1 /* TemplateContainerModel.h */ = {isa = PBXFileReference; fileEncoding = 4; lastKnownFileType = sourcecode.c.h; path = TemplateContainerModel.h; sourceTree = "<group>"; };
		B06B75841C1709FF00F59BB1 /* TemplateContainerModel.m */ = {isa = PBXFileReference; fileEncoding = 4; lastKnownFileType = sourcecode.c.objc; path = TemplateContainerModel.m; sourceTree = "<group>"; };
		B06B75851C1709FF00F59BB1 /* TemplateFloorFocusModel.h */ = {isa = PBXFileReference; fileEncoding = 4; lastKnownFileType = sourcecode.c.h; path = TemplateFloorFocusModel.h; sourceTree = "<group>"; };
		B06B75861C1709FF00F59BB1 /* TemplateFloorFocusModel.m */ = {isa = PBXFileReference; fileEncoding = 4; lastKnownFileType = sourcecode.c.objc; path = TemplateFloorFocusModel.m; sourceTree = "<group>"; };
		B06B75891C1709FF00F59BB1 /* TemplateMarginModel.h */ = {isa = PBXFileReference; fileEncoding = 4; lastKnownFileType = sourcecode.c.h; path = TemplateMarginModel.h; sourceTree = "<group>"; };
		B06B758A1C1709FF00F59BB1 /* TemplateMarginModel.m */ = {isa = PBXFileReference; fileEncoding = 4; lastKnownFileType = sourcecode.c.objc; path = TemplateMarginModel.m; sourceTree = "<group>"; };
		B06B758B1C1709FF00F59BB1 /* TemplateNormalModel.h */ = {isa = PBXFileReference; fileEncoding = 4; lastKnownFileType = sourcecode.c.h; path = TemplateNormalModel.h; sourceTree = "<group>"; };
		B06B758C1C1709FF00F59BB1 /* TemplateNormalModel.m */ = {isa = PBXFileReference; fileEncoding = 4; lastKnownFileType = sourcecode.c.objc; path = TemplateNormalModel.m; sourceTree = "<group>"; };
		B06B758D1C1709FF00F59BB1 /* TemplatePicModel.h */ = {isa = PBXFileReference; fileEncoding = 4; lastKnownFileType = sourcecode.c.h; path = TemplatePicModel.h; sourceTree = "<group>"; };
		B06B758E1C1709FF00F59BB1 /* TemplatePicModel.m */ = {isa = PBXFileReference; fileEncoding = 4; lastKnownFileType = sourcecode.c.objc; path = TemplatePicModel.m; sourceTree = "<group>"; };
		B06B758F1C1709FF00F59BB1 /* TemplateShareModel.h */ = {isa = PBXFileReference; fileEncoding = 4; lastKnownFileType = sourcecode.c.h; path = TemplateShareModel.h; sourceTree = "<group>"; };
		B06B75901C1709FF00F59BB1 /* TemplateShareModel.m */ = {isa = PBXFileReference; fileEncoding = 4; lastKnownFileType = sourcecode.c.objc; path = TemplateShareModel.m; sourceTree = "<group>"; };
		B06B75911C1709FF00F59BB1 /* TemplateHeaderModel.h */ = {isa = PBXFileReference; fileEncoding = 4; lastKnownFileType = sourcecode.c.h; path = TemplateHeaderModel.h; sourceTree = "<group>"; };
		B06B75921C1709FF00F59BB1 /* TemplateHeaderModel.m */ = {isa = PBXFileReference; fileEncoding = 4; lastKnownFileType = sourcecode.c.objc; path = TemplateHeaderModel.m; sourceTree = "<group>"; };
		B06B75931C1709FF00F59BB1 /* TemplateJumpModel.h */ = {isa = PBXFileReference; fileEncoding = 4; lastKnownFileType = sourcecode.c.h; path = TemplateJumpModel.h; sourceTree = "<group>"; };
		B06B75941C1709FF00F59BB1 /* TemplateJumpModel.m */ = {isa = PBXFileReference; fileEncoding = 4; lastKnownFileType = sourcecode.c.objc; path = TemplateJumpModel.m; sourceTree = "<group>"; };
		B06B75961C1709FF00F59BB1 /* TemplateActionProtocol.h */ = {isa = PBXFileReference; fileEncoding = 4; lastKnownFileType = sourcecode.c.h; path = TemplateActionProtocol.h; sourceTree = "<group>"; };
		B06B75971C1709FF00F59BB1 /* TemplateCellProtocol.h */ = {isa = PBXFileReference; fileEncoding = 4; lastKnownFileType = sourcecode.c.h; path = TemplateCellProtocol.h; sourceTree = "<group>"; };
		B06B75981C1709FF00F59BB1 /* TemplateContentProtocol.h */ = {isa = PBXFileReference; fileEncoding = 4; lastKnownFileType = sourcecode.c.h; path = TemplateContentProtocol.h; sourceTree = "<group>"; };
		B06B75991C1709FF00F59BB1 /* TemplateDefine.h */ = {isa = PBXFileReference; fileEncoding = 4; lastKnownFileType = sourcecode.c.h; path = TemplateDefine.h; sourceTree = "<group>"; };
		B06B759B1C1709FF00F59BB1 /* TemplateFocusView.h */ = {isa = PBXFileReference; fileEncoding = 4; lastKnownFileType = sourcecode.c.h; path = TemplateFocusView.h; sourceTree = "<group>"; };
		B06B759C1C1709FF00F59BB1 /* TemplateFocusView.m */ = {isa = PBXFileReference; fileEncoding = 4; lastKnownFileType = sourcecode.c.objc; path = TemplateFocusView.m; sourceTree = "<group>"; };
		B06B759D1C1709FF00F59BB1 /* ViewController.h */ = {isa = PBXFileReference; fileEncoding = 4; lastKnownFileType = sourcecode.c.h; path = ViewController.h; sourceTree = "<group>"; };
		B06B759E1C1709FF00F59BB1 /* ViewController.m */ = {isa = PBXFileReference; fileEncoding = 4; lastKnownFileType = sourcecode.c.objc; path = ViewController.m; sourceTree = "<group>"; };
		B06B75AD1C170A4F00F59BB1 /* WebViewController.h */ = {isa = PBXFileReference; fileEncoding = 4; lastKnownFileType = sourcecode.c.h; path = WebViewController.h; sourceTree = "<group>"; };
		B06B75AE1C170A4F00F59BB1 /* WebViewController.m */ = {isa = PBXFileReference; fileEncoding = 4; lastKnownFileType = sourcecode.c.objc; path = WebViewController.m; sourceTree = "<group>"; };
		B06B75B01C170D7F00F59BB1 /* NavigateManager.h */ = {isa = PBXFileReference; fileEncoding = 4; lastKnownFileType = sourcecode.c.h; name = NavigateManager.h; path = MVP/Web/NavigateManager.h; sourceTree = SOURCE_ROOT; };
		B06B75B11C170D7F00F59BB1 /* NavigateManager.m */ = {isa = PBXFileReference; fileEncoding = 4; lastKnownFileType = sourcecode.c.objc; name = NavigateManager.m; path = MVP/Web/NavigateManager.m; sourceTree = SOURCE_ROOT; };
		B06B75B91C1715EB00F59BB1 /* TemplateSingleModel.h */ = {isa = PBXFileReference; fileEncoding = 4; lastKnownFileType = sourcecode.c.h; path = TemplateSingleModel.h; sourceTree = "<group>"; };
		B06B75BA1C1715EB00F59BB1 /* TemplateSingleModel.m */ = {isa = PBXFileReference; fileEncoding = 4; lastKnownFileType = sourcecode.c.objc; path = TemplateSingleModel.m; sourceTree = "<group>"; };
		B06B75BC1C17165F00F59BB1 /* TemplateSkuModel.h */ = {isa = PBXFileReference; fileEncoding = 4; lastKnownFileType = sourcecode.c.h; path = TemplateSkuModel.h; sourceTree = "<group>"; };
		B06B75BD1C17165F00F59BB1 /* TemplateSkuModel.m */ = {isa = PBXFileReference; fileEncoding = 4; lastKnownFileType = sourcecode.c.objc; path = TemplateSkuModel.m; sourceTree = "<group>"; };
		B06B75C01C17199D00F59BB1 /* TemplateSingleCell.h */ = {isa = PBXFileReference; fileEncoding = 4; lastKnownFileType = sourcecode.c.h; path = TemplateSingleCell.h; sourceTree = "<group>"; };
		B06B75C11C17199D00F59BB1 /* TemplateSingleCell.m */ = {isa = PBXFileReference; fileEncoding = 4; lastKnownFileType = sourcecode.c.objc; path = TemplateSingleCell.m; sourceTree = "<group>"; };
		B06B75C41C1719FA00F59BB1 /* TemplateHeaderCell.h */ = {isa = PBXFileReference; fileEncoding = 4; lastKnownFileType = sourcecode.c.h; path = TemplateHeaderCell.h; sourceTree = "<group>"; };
		B06B75C51C1719FA00F59BB1 /* TemplateHeaderCell.m */ = {isa = PBXFileReference; fileEncoding = 4; lastKnownFileType = sourcecode.c.objc; path = TemplateHeaderCell.m; sourceTree = "<group>"; };
		B06B75C81C171C6D00F59BB1 /* TemplateSingleView.h */ = {isa = PBXFileReference; fileEncoding = 4; lastKnownFileType = sourcecode.c.h; path = TemplateSingleView.h; sourceTree = "<group>"; };
		B06B75C91C171C6D00F59BB1 /* TemplateSingleView.m */ = {isa = PBXFileReference; fileEncoding = 4; lastKnownFileType = sourcecode.c.objc; path = TemplateSingleView.m; sourceTree = "<group>"; };
		B7DD2DC6FB0B979D0CA6C60A /* Pods-MVP.debug.xcconfig */ = {isa = PBXFileReference; includeInIndex = 1; lastKnownFileType = text.xcconfig; name = "Pods-MVP.debug.xcconfig"; path = "Pods/Target Support Files/Pods-MVP/Pods-MVP.debug.xcconfig"; sourceTree = "<group>"; };
		F12F47E4BED75B6E52829F8A /* libPods-MVP.a */ = {isa = PBXFileReference; explicitFileType = archive.ar; includeInIndex = 0; path = "libPods-MVP.a"; sourceTree = BUILT_PRODUCTS_DIR; };
/* End PBXFileReference section */

/* Begin PBXFrameworksBuildPhase section */
		B03F9F2C1C13E30500B653A6 /* Frameworks */ = {
			isa = PBXFrameworksBuildPhase;
			buildActionMask = 2147483647;
			files = (
				65EBE5A4E57EA4334C64C36D /* libPods-MVP.a in Frameworks */,
			);
			runOnlyForDeploymentPostprocessing = 0;
		};
/* End PBXFrameworksBuildPhase section */

/* Begin PBXGroup section */
		37F4C6B71C1689050039B7BE /* Actions */ = {
			isa = PBXGroup;
			children = (
				B06B75B01C170D7F00F59BB1 /* NavigateManager.h */,
				B06B75B11C170D7F00F59BB1 /* NavigateManager.m */,
			);
			path = Actions;
			sourceTree = "<group>";
		};
		58AD0FEA73C405F31CF9AB8B /* Pods */ = {
			isa = PBXGroup;
			children = (
				B7DD2DC6FB0B979D0CA6C60A /* Pods-MVP.debug.xcconfig */,
				69D15DC9917C1A5FA5B20A0C /* Pods-MVP.release.xcconfig */,
			);
			name = Pods;
			sourceTree = "<group>";
		};
		B03F9F261C13E30500B653A6 = {
			isa = PBXGroup;
			children = (
				B03F9F311C13E30500B653A6 /* MVP */,
				B03F9F301C13E30500B653A6 /* Products */,
				58AD0FEA73C405F31CF9AB8B /* Pods */,
				D9E1666FD8D12228DA7C5541 /* Frameworks */,
			);
			sourceTree = "<group>";
		};
		B03F9F301C13E30500B653A6 /* Products */ = {
			isa = PBXGroup;
			children = (
				B03F9F2F1C13E30500B653A6 /* MVP.app */,
			);
			name = Products;
			sourceTree = "<group>";
		};
		B03F9F311C13E30500B653A6 /* MVP */ = {
			isa = PBXGroup;
			children = (
				B06B75AC1C170A3400F59BB1 /* Web */,
				B06B757C1C1709D500F59BB1 /* Home */,
				37F4C6B71C1689050039B7BE /* Actions */,
				B03F9F351C13E30500B653A6 /* AppDelegate.h */,
				B03F9F361C13E30500B653A6 /* AppDelegate.m */,
				B03F9F3B1C13E30500B653A6 /* Main.storyboard */,
				B03F9F3E1C13E30500B653A6 /* Assets.xcassets */,
				B03F9F401C13E30500B653A6 /* LaunchScreen.storyboard */,
				B03F9F431C13E30500B653A6 /* Info.plist */,
				B03F9F321C13E30500B653A6 /* Supporting Files */,
				B03F9F671C13EFBA00B653A6 /* READ.me */,
			);
			path = MVP;
			sourceTree = "<group>";
		};
		B03F9F321C13E30500B653A6 /* Supporting Files */ = {
			isa = PBXGroup;
			children = (
				B03F9F7C1C13FE1900B653A6 /* chaoshi */,
				B03F9F7D1C13FE1900B653A6 /* food.json */,
				B03F9F331C13E30500B653A6 /* main.m */,
				B03F9F491C13EB7100B653A6 /* MVP.pch */,
				B03F9F791C13F54F00B653A6 /* GlobalConfig.h */,
			);
			name = "Supporting Files";
			sourceTree = "<group>";
		};
		B06B757C1C1709D500F59BB1 /* Home */ = {
			isa = PBXGroup;
			children = (
				B06B757D1C1709FF00F59BB1 /* Cell */,
				B06B75801C1709FF00F59BB1 /* Model */,
				B06B75951C1709FF00F59BB1 /* Protocol */,
				B06B759A1C1709FF00F59BB1 /* View */,
				B06B759D1C1709FF00F59BB1 /* ViewController.h */,
				B06B759E1C1709FF00F59BB1 /* ViewController.m */,
				B06B75991C1709FF00F59BB1 /* TemplateDefine.h */,
			);
			path = Home;
			sourceTree = "<group>";
		};
		B06B757D1C1709FF00F59BB1 /* Cell */ = {
			isa = PBXGroup;
			children = (
				B06B75C31C1719DF00F59BB1 /* BaseCell */,
				B06B75BF1C17197A00F59BB1 /* SingleGood */,
				B06B75B51C1714D800F59BB1 /* Focus */,
			);
			path = Cell;
			sourceTree = "<group>";
		};
		B06B75801C1709FF00F59BB1 /* Model */ = {
			isa = PBXGroup;
			children = (
				B06B75B81C1715A600F59BB1 /* SingleGood */,
				B06B75B71C1714FD00F59BB1 /* Normal */,
				B06B75B61C1714E800F59BB1 /* BaseModel */,
				B06B75B41C1714BA00F59BB1 /* Focus */,
				B06B75811C1709FF00F59BB1 /* TemplateChannelModel.h */,
				B06B75821C1709FF00F59BB1 /* TemplateChannelModel.m */,
				B06B75831C1709FF00F59BB1 /* TemplateContainerModel.h */,
				B06B75841C1709FF00F59BB1 /* TemplateContainerModel.m */,
			);
			path = Model;
			sourceTree = "<group>";
		};
		B06B75951C1709FF00F59BB1 /* Protocol */ = {
			isa = PBXGroup;
			children = (
				B06B75961C1709FF00F59BB1 /* TemplateActionProtocol.h */,
				B06B75971C1709FF00F59BB1 /* TemplateCellProtocol.h */,
				B06B75981C1709FF00F59BB1 /* TemplateContentProtocol.h */,
			);
			path = Protocol;
			sourceTree = "<group>";
		};
		B06B759A1C1709FF00F59BB1 /* View */ = {
			isa = PBXGroup;
			children = (
				B06B75C71C171A4F00F59BB1 /* SingleGood */,
				B06B75B31C1714AB00F59BB1 /* Focus */,
			);
			path = View;
			sourceTree = "<group>";
		};
		B06B75AC1C170A3400F59BB1 /* Web */ = {
			isa = PBXGroup;
			children = (
				B06B75AD1C170A4F00F59BB1 /* WebViewController.h */,
				B06B75AE1C170A4F00F59BB1 /* WebViewController.m */,
			);
			path = Web;
			sourceTree = "<group>";
		};
		B06B75B31C1714AB00F59BB1 /* Focus */ = {
			isa = PBXGroup;
			children = (
				B06B759B1C1709FF00F59BB1 /* TemplateFocusView.h */,
				B06B759C1C1709FF00F59BB1 /* TemplateFocusView.m */,
			);
			name = Focus;
			sourceTree = "<group>";
		};
		B06B75B41C1714BA00F59BB1 /* Focus */ = {
			isa = PBXGroup;
			children = (
				B06B75851C1709FF00F59BB1 /* TemplateFloorFocusModel.h */,
				B06B75861C1709FF00F59BB1 /* TemplateFloorFocusModel.m */,
			);
			name = Focus;
			sourceTree = "<group>";
		};
		B06B75B51C1714D800F59BB1 /* Focus */ = {
			isa = PBXGroup;
			children = (
				B06B757E1C1709FF00F59BB1 /* TemplateFocusCell.h */,
				B06B757F1C1709FF00F59BB1 /* TemplateFocusCell.m */,
			);
			name = Focus;
			sourceTree = "<group>";
		};
		B06B75B61C1714E800F59BB1 /* BaseModel */ = {
			isa = PBXGroup;
			children = (
				B06B758D1C1709FF00F59BB1 /* TemplatePicModel.h */,
				B06B758E1C1709FF00F59BB1 /* TemplatePicModel.m */,
				B06B758F1C1709FF00F59BB1 /* TemplateShareModel.h */,
				B06B75901C1709FF00F59BB1 /* TemplateShareModel.m */,
				B06B75911C1709FF00F59BB1 /* TemplateHeaderModel.h */,
				B06B75921C1709FF00F59BB1 /* TemplateHeaderModel.m */,
				B06B75931C1709FF00F59BB1 /* TemplateJumpModel.h */,
				B06B75941C1709FF00F59BB1 /* TemplateJumpModel.m */,
				B06B75891C1709FF00F59BB1 /* TemplateMarginModel.h */,
				B06B758A1C1709FF00F59BB1 /* TemplateMarginModel.m */,
				B06B75BC1C17165F00F59BB1 /* TemplateSkuModel.h */,
				B06B75BD1C17165F00F59BB1 /* TemplateSkuModel.m */,
				37D64E711C1ACE410052D5D3 /* TemplateFHeaderModel.h */,
				37D64E721C1ACE410052D5D3 /* TemplateFHeaderModel.m */,
			);
			name = BaseModel;
			sourceTree = "<group>";
		};
		B06B75B71C1714FD00F59BB1 /* Normal */ = {
			isa = PBXGroup;
			children = (
				B06B758B1C1709FF00F59BB1 /* TemplateNormalModel.h */,
				B06B758C1C1709FF00F59BB1 /* TemplateNormalModel.m */,
			);
			name = Normal;
			sourceTree = "<group>";
		};
		B06B75B81C1715A600F59BB1 /* SingleGood */ = {
			isa = PBXGroup;
			children = (
				B06B75B91C1715EB00F59BB1 /* TemplateSingleModel.h */,
				B06B75BA1C1715EB00F59BB1 /* TemplateSingleModel.m */,
			);
			name = SingleGood;
			sourceTree = "<group>";
		};
		B06B75BF1C17197A00F59BB1 /* SingleGood */ = {
			isa = PBXGroup;
			children = (
				B06B75C01C17199D00F59BB1 /* TemplateSingleCell.h */,
				B06B75C11C17199D00F59BB1 /* TemplateSingleCell.m */,
			);
			name = SingleGood;
			sourceTree = "<group>";
		};
		B06B75C31C1719DF00F59BB1 /* BaseCell */ = {
			isa = PBXGroup;
			children = (
				B06B75C41C1719FA00F59BB1 /* TemplateHeaderCell.h */,
				B06B75C51C1719FA00F59BB1 /* TemplateHeaderCell.m */,
			);
			name = BaseCell;
			sourceTree = "<group>";
		};
		B06B75C71C171A4F00F59BB1 /* SingleGood */ = {
			isa = PBXGroup;
			children = (
				B06B75C81C171C6D00F59BB1 /* TemplateSingleView.h */,
				B06B75C91C171C6D00F59BB1 /* TemplateSingleView.m */,
			);
			name = SingleGood;
			sourceTree = "<group>";
		};
		D9E1666FD8D12228DA7C5541 /* Frameworks */ = {
			isa = PBXGroup;
			children = (
				F12F47E4BED75B6E52829F8A /* libPods-MVP.a */,
			);
			name = Frameworks;
			sourceTree = "<group>";
		};
/* End PBXGroup section */

/* Begin PBXNativeTarget section */
		B03F9F2E1C13E30500B653A6 /* MVP */ = {
			isa = PBXNativeTarget;
			buildConfigurationList = B03F9F461C13E30500B653A6 /* Build configuration list for PBXNativeTarget "MVP" */;
			buildPhases = (
				4712E5E70260D415AE4B017C /* Check Pods Manifest.lock */,
				B03F9F2B1C13E30500B653A6 /* Sources */,
				B03F9F2C1C13E30500B653A6 /* Frameworks */,
				B03F9F2D1C13E30500B653A6 /* Resources */,
				32EC862D100DDF5D28C59FDC /* Embed Pods Frameworks */,
				CB3806DF0306B608DDF4251F /* Copy Pods Resources */,
			);
			buildRules = (
			);
			dependencies = (
			);
			name = MVP;
			productName = MVP;
			productReference = B03F9F2F1C13E30500B653A6 /* MVP.app */;
			productType = "com.apple.product-type.application";
		};
/* End PBXNativeTarget section */

/* Begin PBXProject section */
		B03F9F271C13E30500B653A6 /* Project object */ = {
			isa = PBXProject;
			attributes = {
				LastUpgradeCheck = 0710;
				ORGANIZATIONNAME = ccguo;
				TargetAttributes = {
					B03F9F2E1C13E30500B653A6 = {
						CreatedOnToolsVersion = 7.1;
					};
				};
			};
			buildConfigurationList = B03F9F2A1C13E30500B653A6 /* Build configuration list for PBXProject "MVP" */;
			compatibilityVersion = "Xcode 3.2";
			developmentRegion = English;
			hasScannedForEncodings = 0;
			knownRegions = (
				en,
				Base,
			);
			mainGroup = B03F9F261C13E30500B653A6;
			productRefGroup = B03F9F301C13E30500B653A6 /* Products */;
			projectDirPath = "";
			projectRoot = "";
			targets = (
				B03F9F2E1C13E30500B653A6 /* MVP */,
			);
		};
/* End PBXProject section */

/* Begin PBXResourcesBuildPhase section */
		B03F9F2D1C13E30500B653A6 /* Resources */ = {
			isa = PBXResourcesBuildPhase;
			buildActionMask = 2147483647;
			files = (
				B03F9F421C13E30500B653A6 /* LaunchScreen.storyboard in Resources */,
				B03F9F3F1C13E30500B653A6 /* Assets.xcassets in Resources */,
				B03F9F3D1C13E30500B653A6 /* Main.storyboard in Resources */,
				B03F9F7F1C13FE1900B653A6 /* food.json in Resources */,
				B03F9F7E1C13FE1900B653A6 /* chaoshi in Resources */,
				B03F9F681C13EFBB00B653A6 /* READ.me in Resources */,
			);
			runOnlyForDeploymentPostprocessing = 0;
		};
/* End PBXResourcesBuildPhase section */

/* Begin PBXShellScriptBuildPhase section */
		32EC862D100DDF5D28C59FDC /* Embed Pods Frameworks */ = {
			isa = PBXShellScriptBuildPhase;
			buildActionMask = 2147483647;
			files = (
			);
			inputPaths = (
			);
			name = "Embed Pods Frameworks";
			outputPaths = (
			);
			runOnlyForDeploymentPostprocessing = 0;
			shellPath = /bin/sh;
			shellScript = "\"${SRCROOT}/Pods/Target Support Files/Pods-MVP/Pods-MVP-frameworks.sh\"\n";
			showEnvVarsInLog = 0;
		};
		4712E5E70260D415AE4B017C /* Check Pods Manifest.lock */ = {
			isa = PBXShellScriptBuildPhase;
			buildActionMask = 2147483647;
			files = (
			);
			inputPaths = (
			);
			name = "Check Pods Manifest.lock";
			outputPaths = (
			);
			runOnlyForDeploymentPostprocessing = 0;
			shellPath = /bin/sh;
			shellScript = "diff \"${PODS_ROOT}/../Podfile.lock\" \"${PODS_ROOT}/Manifest.lock\" > /dev/null\nif [[ $? != 0 ]] ; then\n    cat << EOM\nerror: The sandbox is not in sync with the Podfile.lock. Run 'pod install' or update your CocoaPods installation.\nEOM\n    exit 1\nfi\n";
			showEnvVarsInLog = 0;
		};
		CB3806DF0306B608DDF4251F /* Copy Pods Resources */ = {
			isa = PBXShellScriptBuildPhase;
			buildActionMask = 2147483647;
			files = (
			);
			inputPaths = (
			);
			name = "Copy Pods Resources";
			outputPaths = (
			);
			runOnlyForDeploymentPostprocessing = 0;
			shellPath = /bin/sh;
			shellScript = "\"${SRCROOT}/Pods/Target Support Files/Pods-MVP/Pods-MVP-resources.sh\"\n";
			showEnvVarsInLog = 0;
		};
/* End PBXShellScriptBuildPhase section */

/* Begin PBXSourcesBuildPhase section */
		B03F9F2B1C13E30500B653A6 /* Sources */ = {
			isa = PBXSourcesBuildPhase;
			buildActionMask = 2147483647;
			files = (
				B06B75C61C1719FA00F59BB1 /* TemplateHeaderCell.m in Sources */,
				37D64E731C1ACE410052D5D3 /* TemplateFHeaderModel.m in Sources */,
				B06B75BE1C17165F00F59BB1 /* TemplateSkuModel.m in Sources */,
				B03F9F371C13E30500B653A6 /* AppDelegate.m in Sources */,
				B06B75A11C1709FF00F59BB1 /* TemplateContainerModel.m in Sources */,
				B06B75CA1C171C6D00F59BB1 /* TemplateSingleView.m in Sources */,
				B06B75A81C1709FF00F59BB1 /* TemplateHeaderModel.m in Sources */,
				B06B75A41C1709FF00F59BB1 /* TemplateMarginModel.m in Sources */,
				B06B75A71C1709FF00F59BB1 /* TemplateShareModel.m in Sources */,
				B06B759F1C1709FF00F59BB1 /* TemplateFocusCell.m in Sources */,
				B06B75A51C1709FF00F59BB1 /* TemplateNormalModel.m in Sources */,
				B06B75A21C1709FF00F59BB1 /* TemplateFloorFocusModel.m in Sources */,
				B03F9F341C13E30500B653A6 /* main.m in Sources */,
				B06B75AB1C1709FF00F59BB1 /* ViewController.m in Sources */,
				B06B75A61C1709FF00F59BB1 /* TemplatePicModel.m in Sources */,
				B06B75AF1C170A4F00F59BB1 /* WebViewController.m in Sources */,
				B06B75A91C1709FF00F59BB1 /* TemplateJumpModel.m in Sources */,
				B06B75B21C170D7F00F59BB1 /* NavigateManager.m in Sources */,
				B06B75AA1C1709FF00F59BB1 /* TemplateFocusView.m in Sources */,
				B06B75C21C17199D00F59BB1 /* TemplateSingleCell.m in Sources */,
				B06B75BB1C1715EB00F59BB1 /* TemplateSingleModel.m in Sources */,
				B06B75A01C1709FF00F59BB1 /* TemplateChannelModel.m in Sources */,
			);
			runOnlyForDeploymentPostprocessing = 0;
		};
/* End PBXSourcesBuildPhase section */

/* Begin PBXVariantGroup section */
		B03F9F3B1C13E30500B653A6 /* Main.storyboard */ = {
			isa = PBXVariantGroup;
			children = (
				B03F9F3C1C13E30500B653A6 /* Base */,
			);
			name = Main.storyboard;
			sourceTree = "<group>";
		};
		B03F9F401C13E30500B653A6 /* LaunchScreen.storyboard */ = {
			isa = PBXVariantGroup;
			children = (
				B03F9F411C13E30500B653A6 /* Base */,
			);
			name = LaunchScreen.storyboard;
			sourceTree = "<group>";
		};
/* End PBXVariantGroup section */

/* Begin XCBuildConfiguration section */
		B03F9F441C13E30500B653A6 /* Debug */ = {
			isa = XCBuildConfiguration;
			buildSettings = {
				ALWAYS_SEARCH_USER_PATHS = NO;
				CLANG_CXX_LANGUAGE_STANDARD = "gnu++0x";
				CLANG_CXX_LIBRARY = "libc++";
				CLANG_ENABLE_MODULES = YES;
				CLANG_ENABLE_OBJC_ARC = YES;
				CLANG_WARN_BOOL_CONVERSION = YES;
				CLANG_WARN_CONSTANT_CONVERSION = YES;
				CLANG_WARN_DIRECT_OBJC_ISA_USAGE = YES_ERROR;
				CLANG_WARN_EMPTY_BODY = YES;
				CLANG_WARN_ENUM_CONVERSION = YES;
				CLANG_WARN_INT_CONVERSION = YES;
				CLANG_WARN_OBJC_ROOT_CLASS = YES_ERROR;
				CLANG_WARN_UNREACHABLE_CODE = YES;
				CLANG_WARN__DUPLICATE_METHOD_MATCH = YES;
				"CODE_SIGN_IDENTITY[sdk=iphoneos*]" = "iPhone Developer";
				COPY_PHASE_STRIP = NO;
				DEBUG_INFORMATION_FORMAT = dwarf;
				ENABLE_STRICT_OBJC_MSGSEND = YES;
				ENABLE_TESTABILITY = YES;
				GCC_C_LANGUAGE_STANDARD = gnu99;
				GCC_DYNAMIC_NO_PIC = NO;
				GCC_NO_COMMON_BLOCKS = YES;
				GCC_OPTIMIZATION_LEVEL = 0;
				GCC_PREPROCESSOR_DEFINITIONS = (
					"DEBUG=1",
					"$(inherited)",
				);
				GCC_WARN_64_TO_32_BIT_CONVERSION = YES;
				GCC_WARN_ABOUT_RETURN_TYPE = YES_ERROR;
				GCC_WARN_UNDECLARED_SELECTOR = YES;
				GCC_WARN_UNINITIALIZED_AUTOS = YES_AGGRESSIVE;
				GCC_WARN_UNUSED_FUNCTION = YES;
				GCC_WARN_UNUSED_VARIABLE = YES;
				IPHONEOS_DEPLOYMENT_TARGET = 7.0;
				MTL_ENABLE_DEBUG_INFO = YES;
				ONLY_ACTIVE_ARCH = YES;
				SDKROOT = iphoneos;
				TARGETED_DEVICE_FAMILY = "1,2";
			};
			name = Debug;
		};
		B03F9F451C13E30500B653A6 /* Release */ = {
			isa = XCBuildConfiguration;
			buildSettings = {
				ALWAYS_SEARCH_USER_PATHS = NO;
				CLANG_CXX_LANGUAGE_STANDARD = "gnu++0x";
				CLANG_CXX_LIBRARY = "libc++";
				CLANG_ENABLE_MODULES = YES;
				CLANG_ENABLE_OBJC_ARC = YES;
				CLANG_WARN_BOOL_CONVERSION = YES;
				CLANG_WARN_CONSTANT_CONVERSION = YES;
				CLANG_WARN_DIRECT_OBJC_ISA_USAGE = YES_ERROR;
				CLANG_WARN_EMPTY_BODY = YES;
				CLANG_WARN_ENUM_CONVERSION = YES;
				CLANG_WARN_INT_CONVERSION = YES;
				CLANG_WARN_OBJC_ROOT_CLASS = YES_ERROR;
				CLANG_WARN_UNREACHABLE_CODE = YES;
				CLANG_WARN__DUPLICATE_METHOD_MATCH = YES;
				"CODE_SIGN_IDENTITY[sdk=iphoneos*]" = "iPhone Developer";
				COPY_PHASE_STRIP = NO;
				DEBUG_INFORMATION_FORMAT = "dwarf-with-dsym";
				ENABLE_NS_ASSERTIONS = NO;
				ENABLE_STRICT_OBJC_MSGSEND = YES;
				GCC_C_LANGUAGE_STANDARD = gnu99;
				GCC_NO_COMMON_BLOCKS = YES;
				GCC_WARN_64_TO_32_BIT_CONVERSION = YES;
				GCC_WARN_ABOUT_RETURN_TYPE = YES_ERROR;
				GCC_WARN_UNDECLARED_SELECTOR = YES;
				GCC_WARN_UNINITIALIZED_AUTOS = YES_AGGRESSIVE;
				GCC_WARN_UNUSED_FUNCTION = YES;
				GCC_WARN_UNUSED_VARIABLE = YES;
				IPHONEOS_DEPLOYMENT_TARGET = 7.0;
				MTL_ENABLE_DEBUG_INFO = NO;
				SDKROOT = iphoneos;
				TARGETED_DEVICE_FAMILY = "1,2";
				VALIDATE_PRODUCT = YES;
			};
			name = Release;
		};
		B03F9F471C13E30500B653A6 /* Debug */ = {
			isa = XCBuildConfiguration;
			baseConfigurationReference = B7DD2DC6FB0B979D0CA6C60A /* Pods-MVP.debug.xcconfig */;
			buildSettings = {
				ASSETCATALOG_COMPILER_APPICON_NAME = AppIcon;
				ENABLE_BITCODE = NO;
				GCC_PREFIX_HEADER = "$(SRCROOT)/MVP/MVP.pch";
				INFOPLIST_FILE = MVP/Info.plist;
				IPHONEOS_DEPLOYMENT_TARGET = 7.0;
				LD_RUNPATH_SEARCH_PATHS = "$(inherited) @executable_path/Frameworks";
				PRODUCT_BUNDLE_IDENTIFIER = com.360buy.MVP;
				PRODUCT_NAME = "$(TARGET_NAME)";
			};
			name = Debug;
		};
		B03F9F481C13E30500B653A6 /* Release */ = {
			isa = XCBuildConfiguration;
			baseConfigurationReference = 69D15DC9917C1A5FA5B20A0C /* Pods-MVP.release.xcconfig */;
			buildSettings = {
				ASSETCATALOG_COMPILER_APPICON_NAME = AppIcon;
				ENABLE_BITCODE = NO;
				GCC_PREFIX_HEADER = "$(SRCROOT)/MVP/MVP.pch";
				INFOPLIST_FILE = MVP/Info.plist;
				IPHONEOS_DEPLOYMENT_TARGET = 7.0;
				LD_RUNPATH_SEARCH_PATHS = "$(inherited) @executable_path/Frameworks";
				PRODUCT_BUNDLE_IDENTIFIER = com.360buy.MVP;
				PRODUCT_NAME = "$(TARGET_NAME)";
			};
			name = Release;
		};
/* End XCBuildConfiguration section */

/* Begin XCConfigurationList section */
		B03F9F2A1C13E30500B653A6 /* Build configuration list for PBXProject "MVP" */ = {
			isa = XCConfigurationList;
			buildConfigurations = (
				B03F9F441C13E30500B653A6 /* Debug */,
				B03F9F451C13E30500B653A6 /* Release */,
			);
			defaultConfigurationIsVisible = 0;
			defaultConfigurationName = Release;
		};
		B03F9F461C13E30500B653A6 /* Build configuration list for PBXNativeTarget "MVP" */ = {
			isa = XCConfigurationList;
			buildConfigurations = (
				B03F9F471C13E30500B653A6 /* Debug */,
				B03F9F481C13E30500B653A6 /* Release */,
			);
			defaultConfigurationIsVisible = 0;
			defaultConfigurationName = Release;
		};
/* End XCConfigurationList section */
	};
	rootObject = B03F9F271C13E30500B653A6 /* Project object */;
}
